{
	"lockfileVersion": 1,
	"dependencies": {
		"angular": {
			"version": "1.6.5",
			"resolved": "https://registry.npmjs.org/angular/-/angular-1.6.5.tgz",
			"integrity": "sha1-N/eI7r7Fzi4/oCsXu8sqIxV2oNY="
		},
		"angular-mocks": {
			"version": "1.6.5",
			"resolved": "https://registry.npmjs.org/angular-mocks/-/angular-mocks-1.6.5.tgz",
			"integrity": "sha1-xi+AFMxtPtP9Gzg6Y0ygAJrz7+4="
		}
	}
}
